{
  "name": "review_dashboard",
  "lockfileVersion": 3,
  "requires": true,
  "packages": {
    "": {
      "dependencies": {
        "lucide-react": "^0.554.0"
      }
    },
    "node_modules/lucide-react": {
      "version": "0.554.0",
      "resolved": "https://proget/npm/Production-npm/lucide-react/-/lucide-react-0.554.0.tgz",
      "integrity": "sha512-St+z29uthEJVx0Is7ellNkgTEhaeSoA42I7JjOCBCrc5X6LYMGSv0P/2uS5HDLTExP5tpiqRD2PyUEOS6s9UXA==",
      "license": "ISC",
      "peerDependencies": {
        "react": "^16.5.1 || ^17.0.0 || ^18.0.0 || ^19.0.0"
      }
    },
    "node_modules/react": {
      "version": "19.2.7",
      "resolved": "https://proget/npm/Production-npm/react/-/react-19.2.7.tgz",
      "integrity": "sha512-HNe9WslTbXmFK8o8cmwgAeJFSBvt1bPdHCVKtaaV+WlAN36mpT4hcRpwbf3fY56ar2oIXzsBpOAiIRHAdY0OlQ==",
      "license": "MIT",
      "peer": true,
      "engines": {
        "node": ">=0.10.0"
      }
    }
  }
}
